
Microsoft Visual Studio Solution File, Format Version 12.00
# Visual Studio Version 16
VisualStudioVersion = 16.0.33130.400
MinimumVisualStudioVersion = 10.0.40219.1
Project("{FAE04EC0-301F-11D3-BF4B-00C04F79EFBC}") = "Infinite.ASPNET.Day1", "Infinite.ASPNET.Day1\Infinite.ASPNET.Day1.csproj", "{5DAA9E9D-975E-41B2-9F97-6375EFFF8CAC}"
EndProject
Global
	GlobalSection(SolutionConfigurationPlatforms) = preSolution
		Debug|Any CPU = Debug|Any CPU
		Release|Any CPU = Release|Any CPU
	EndGlobalSection
	GlobalSection(ProjectConfigurationPlatforms) = postSolution
		{5DAA9E9D-975E-41B2-9F97-6375EFFF8CAC}.Debug|Any CPU.ActiveCfg = Debug|Any CPU
		{5DAA9E9D-975E-41B2-9F97-6375EFFF8CAC}.Debug|Any CPU.Build.0 = Debug|Any CPU
		{5DAA9E9D-975E-41B2-9F97-6375EFFF8CAC}.Release|Any CPU.ActiveCfg = Release|Any CPU
		{5DAA9E9D-975E-41B2-9F97-6375EFFF8CAC}.Release|Any CPU.Build.0 = Release|Any CPU
	EndGlobalSection
	GlobalSection(SolutionProperties) = preSolution
		HideSolutionNode = FALSE
	EndGlobalSection
	GlobalSection(ExtensibilityGlobals) = postSolution
		SolutionGuid = {C1BD1C02-92F0-4738-8A70-0D25449DEB39}
	EndGlobalSection
EndGlobal
